// !$*UTF8*$!
{
	archiveVersion = 1;
	classes = {
	};
	objectVersion = 46;
	objects = {

/* Begin PBXBuildFile section */
		3318960F1CD3845D00C59260 /* MTNavigationController.m in Sources */ = {isa = PBXBuildFile; fileRef = 3318960E1CD3845D00C59260 /* MTNavigationController.m */; };
		3334C3421CD38B6900D42F7C /* MTHomeCollectionController.m in Sources */ = {isa = PBXBuildFile; fileRef = 3334C3411CD38B6900D42F7C /* MTHomeCollectionController.m */; };
		3334C3451CD38DD000D42F7C /* MTConstant.m in Sources */ = {isa = PBXBuildFile; fileRef = 3334C3441CD38DD000D42F7C /* MTConstant.m */; };
		3334C3481CD3912900D42F7C /* UIView+Extension.m in Sources */ = {isa = PBXBuildFile; fileRef = 3334C3471CD3912900D42F7C /* UIView+Extension.m */; };
		3334C34B1CD3915800D42F7C /* UIBarButtonItem+Extent.m in Sources */ = {isa = PBXBuildFile; fileRef = 3334C34A1CD3915800D42F7C /* UIBarButtonItem+Extent.m */; };
		3334C34E1CD397A500D42F7C /* MTHomeLeftTopItem.m in Sources */ = {isa = PBXBuildFile; fileRef = 3334C34D1CD397A500D42F7C /* MTHomeLeftTopItem.m */; };
		3334C3501CD397C000D42F7C /* MTHomeLeftTopItem.xib in Resources */ = {isa = PBXBuildFile; fileRef = 3334C34F1CD397C000D42F7C /* MTHomeLeftTopItem.xib */; };
		3334C3551CD3A3D400D42F7C /* categories.plist in Resources */ = {isa = PBXBuildFile; fileRef = 3334C3511CD3A3D400D42F7C /* categories.plist */; };
		3334C3561CD3A3D400D42F7C /* cities.plist in Resources */ = {isa = PBXBuildFile; fileRef = 3334C3521CD3A3D400D42F7C /* cities.plist */; };
		3334C3571CD3A3D400D42F7C /* cityGroups.plist in Resources */ = {isa = PBXBuildFile; fileRef = 3334C3531CD3A3D400D42F7C /* cityGroups.plist */; };
		3334C3581CD3A3D400D42F7C /* sorts.plist in Resources */ = {isa = PBXBuildFile; fileRef = 3334C3541CD3A3D400D42F7C /* sorts.plist */; };
		3334C35B1CD3A3F100D42F7C /* MTCategory.m in Sources */ = {isa = PBXBuildFile; fileRef = 3334C35A1CD3A3F100D42F7C /* MTCategory.m */; };
		3334C3741CD3A4DB00D42F7C /* MJArgument.m in Sources */ = {isa = PBXBuildFile; fileRef = 3334C35E1CD3A4DB00D42F7C /* MJArgument.m */; };
		3334C3751CD3A4DB00D42F7C /* MJConst.m in Sources */ = {isa = PBXBuildFile; fileRef = 3334C3601CD3A4DB00D42F7C /* MJConst.m */; };
		3334C3761CD3A4DB00D42F7C /* MJFoundation.m in Sources */ = {isa = PBXBuildFile; fileRef = 3334C3631CD3A4DB00D42F7C /* MJFoundation.m */; };
		3334C3771CD3A4DB00D42F7C /* MJIvar.m in Sources */ = {isa = PBXBuildFile; fileRef = 3334C3651CD3A4DB00D42F7C /* MJIvar.m */; };
		3334C3781CD3A4DB00D42F7C /* MJMember.m in Sources */ = {isa = PBXBuildFile; fileRef = 3334C3671CD3A4DB00D42F7C /* MJMember.m */; };
		3334C3791CD3A4DB00D42F7C /* MJMethod.m in Sources */ = {isa = PBXBuildFile; fileRef = 3334C3691CD3A4DB00D42F7C /* MJMethod.m */; };
		3334C37A1CD3A4DB00D42F7C /* MJType.m in Sources */ = {isa = PBXBuildFile; fileRef = 3334C36B1CD3A4DB00D42F7C /* MJType.m */; };
		3334C37B1CD3A4DB00D42F7C /* MJTypeEncoding.m in Sources */ = {isa = PBXBuildFile; fileRef = 3334C36D1CD3A4DB00D42F7C /* MJTypeEncoding.m */; };
		3334C37C1CD3A4DB00D42F7C /* NSObject+MJCoding.m in Sources */ = {isa = PBXBuildFile; fileRef = 3334C36F1CD3A4DB00D42F7C /* NSObject+MJCoding.m */; };
		3334C37D1CD3A4DB00D42F7C /* NSObject+MJKeyValue.m in Sources */ = {isa = PBXBuildFile; fileRef = 3334C3711CD3A4DB00D42F7C /* NSObject+MJKeyValue.m */; };
		3334C37E1CD3A4DB00D42F7C /* NSObject+MJMember.m in Sources */ = {isa = PBXBuildFile; fileRef = 3334C3731CD3A4DB00D42F7C /* NSObject+MJMember.m */; };
		3334C3811CD3A7CC00D42F7C /* MTCategoryViewController.m in Sources */ = {isa = PBXBuildFile; fileRef = 3334C3801CD3A7CC00D42F7C /* MTCategoryViewController.m */; };
		3334C3841CD3A9E900D42F7C /* MTHomeDropdownView.m in Sources */ = {isa = PBXBuildFile; fileRef = 3334C3831CD3A9E900D42F7C /* MTHomeDropdownView.m */; };
		3334C38A1CD3ABB500D42F7C /* UITableView+SDAutoTableViewCellHeight.m in Sources */ = {isa = PBXBuildFile; fileRef = 3334C3871CD3ABB500D42F7C /* UITableView+SDAutoTableViewCellHeight.m */; };
		3334C38B1CD3ABB500D42F7C /* UIView+SDAutoLayout.m in Sources */ = {isa = PBXBuildFile; fileRef = 3334C3891CD3ABB500D42F7C /* UIView+SDAutoLayout.m */; };
		335AD73C1CD37FE700335CC3 /* Assets.xcassets in Resources */ = {isa = PBXBuildFile; fileRef = 335AD73B1CD37FE700335CC3 /* Assets.xcassets */; };
		335AD74A1CD37FE700335CC3 /* __IPadTests.m in Sources */ = {isa = PBXBuildFile; fileRef = 335AD7491CD37FE700335CC3 /* __IPadTests.m */; };
		335AD7551CD37FE700335CC3 /* __IPadUITests.m in Sources */ = {isa = PBXBuildFile; fileRef = 335AD7541CD37FE700335CC3 /* __IPadUITests.m */; };
		335AD7701CD3815700335CC3 /* AppDelegate.m in Sources */ = {isa = PBXBuildFile; fileRef = 335AD76E1CD3815700335CC3 /* AppDelegate.m */; };
		335AD7711CD3815700335CC3 /* main.m in Sources */ = {isa = PBXBuildFile; fileRef = 335AD76F1CD3815700335CC3 /* main.m */; };
/* End PBXBuildFile section */

/* Begin PBXContainerItemProxy section */
		335AD7461CD37FE700335CC3 /* PBXContainerItemProxy */ = {
			isa = PBXContainerItemProxy;
			containerPortal = 335AD7241CD37FE700335CC3 /* Project object */;
			proxyType = 1;
			remoteGlobalIDString = 335AD72B1CD37FE700335CC3;
			remoteInfo = "美团IPad";
		};
		335AD7511CD37FE700335CC3 /* PBXContainerItemProxy */ = {
			isa = PBXContainerItemProxy;
			containerPortal = 335AD7241CD37FE700335CC3 /* Project object */;
			proxyType = 1;
			remoteGlobalIDString = 335AD72B1CD37FE700335CC3;
			remoteInfo = "美团IPad";
		};
/* End PBXContainerItemProxy section */

/* Begin PBXFileReference section */
		3318960D1CD3845D00C59260 /* MTNavigationController.h */ = {isa = PBXFileReference; fileEncoding = 4; lastKnownFileType = sourcecode.c.h; path = MTNavigationController.h; sourceTree = "<group>"; };
		3318960E1CD3845D00C59260 /* MTNavigationController.m */ = {isa = PBXFileReference; fileEncoding = 4; lastKnownFileType = sourcecode.c.objc; path = MTNavigationController.m; sourceTree = "<group>"; };
		3334C3401CD38B6900D42F7C /* MTHomeCollectionController.h */ = {isa = PBXFileReference; fileEncoding = 4; lastKnownFileType = sourcecode.c.h; path = MTHomeCollectionController.h; sourceTree = "<group>"; };
		3334C3411CD38B6900D42F7C /* MTHomeCollectionController.m */ = {isa = PBXFileReference; fileEncoding = 4; lastKnownFileType = sourcecode.c.objc; path = MTHomeCollectionController.m; sourceTree = "<group>"; };
		3334C3431CD38DD000D42F7C /* MTConstant.h */ = {isa = PBXFileReference; fileEncoding = 4; lastKnownFileType = sourcecode.c.h; path = MTConstant.h; sourceTree = "<group>"; };
		3334C3441CD38DD000D42F7C /* MTConstant.m */ = {isa = PBXFileReference; fileEncoding = 4; lastKnownFileType = sourcecode.c.objc; path = MTConstant.m; sourceTree = "<group>"; };
		3334C3461CD3912900D42F7C /* UIView+Extension.h */ = {isa = PBXFileReference; fileEncoding = 4; lastKnownFileType = sourcecode.c.h; path = "UIView+Extension.h"; sourceTree = "<group>"; };
		3334C3471CD3912900D42F7C /* UIView+Extension.m */ = {isa = PBXFileReference; fileEncoding = 4; lastKnownFileType = sourcecode.c.objc; path = "UIView+Extension.m"; sourceTree = "<group>"; };
		3334C3491CD3915800D42F7C /* UIBarButtonItem+Extent.h */ = {isa = PBXFileReference; fileEncoding = 4; lastKnownFileType = sourcecode.c.h; name = "UIBarButtonItem+Extent.h"; path = "../UIBarButtonItem+Extent.h"; sourceTree = "<group>"; };
		3334C34A1CD3915800D42F7C /* UIBarButtonItem+Extent.m */ = {isa = PBXFileReference; fileEncoding = 4; lastKnownFileType = sourcecode.c.objc; name = "UIBarButtonItem+Extent.m"; path = "../UIBarButtonItem+Extent.m"; sourceTree = "<group>"; };
		3334C34C1CD397A500D42F7C /* MTHomeLeftTopItem.h */ = {isa = PBXFileReference; fileEncoding = 4; lastKnownFileType = sourcecode.c.h; path = MTHomeLeftTopItem.h; sourceTree = "<group>"; };
		3334C34D1CD397A500D42F7C /* MTHomeLeftTopItem.m */ = {isa = PBXFileReference; fileEncoding = 4; lastKnownFileType = sourcecode.c.objc; path = MTHomeLeftTopItem.m; sourceTree = "<group>"; };
		3334C34F1CD397C000D42F7C /* MTHomeLeftTopItem.xib */ = {isa = PBXFileReference; fileEncoding = 4; lastKnownFileType = file.xib; path = MTHomeLeftTopItem.xib; sourceTree = "<group>"; };
		3334C3511CD3A3D400D42F7C /* categories.plist */ = {isa = PBXFileReference; fileEncoding = 4; lastKnownFileType = text.plist.xml; path = categories.plist; sourceTree = "<group>"; };
		3334C3521CD3A3D400D42F7C /* cities.plist */ = {isa = PBXFileReference; fileEncoding = 4; lastKnownFileType = text.plist.xml; path = cities.plist; sourceTree = "<group>"; };
		3334C3531CD3A3D400D42F7C /* cityGroups.plist */ = {isa = PBXFileReference; fileEncoding = 4; lastKnownFileType = text.plist.xml; path = cityGroups.plist; sourceTree = "<group>"; };
		3334C3541CD3A3D400D42F7C /* sorts.plist */ = {isa = PBXFileReference; fileEncoding = 4; lastKnownFileType = text.plist.xml; path = sorts.plist; sourceTree = "<group>"; };
		3334C3591CD3A3F100D42F7C /* MTCategory.h */ = {isa = PBXFileReference; fileEncoding = 4; lastKnownFileType = sourcecode.c.h; path = MTCategory.h; sourceTree = "<group>"; };
		3334C35A1CD3A3F100D42F7C /* MTCategory.m */ = {isa = PBXFileReference; fileEncoding = 4; lastKnownFileType = sourcecode.c.objc; path = MTCategory.m; sourceTree = "<group>"; };
		3334C35D1CD3A4DB00D42F7C /* MJArgument.h */ = {isa = PBXFileReference; fileEncoding = 4; lastKnownFileType = sourcecode.c.h; path = MJArgument.h; sourceTree = "<group>"; };
		3334C35E1CD3A4DB00D42F7C /* MJArgument.m */ = {isa = PBXFileReference; fileEncoding = 4; lastKnownFileType = sourcecode.c.objc; path = MJArgument.m; sourceTree = "<group>"; };
		3334C35F1CD3A4DB00D42F7C /* MJConst.h */ = {isa = PBXFileReference; fileEncoding = 4; lastKnownFileType = sourcecode.c.h; path = MJConst.h; sourceTree = "<group>"; };
		3334C3601CD3A4DB00D42F7C /* MJConst.m */ = {isa = PBXFileReference; fileEncoding = 4; lastKnownFileType = sourcecode.c.objc; path = MJConst.m; sourceTree = "<group>"; };
		3334C3611CD3A4DB00D42F7C /* MJExtension.h */ = {isa = PBXFileReference; fileEncoding = 4; lastKnownFileType = sourcecode.c.h; path = MJExtension.h; sourceTree = "<group>"; };
		3334C3621CD3A4DB00D42F7C /* MJFoundation.h */ = {isa = PBXFileReference; fileEncoding = 4; lastKnownFileType = sourcecode.c.h; path = MJFoundation.h; sourceTree = "<group>"; };
		3334C3631CD3A4DB00D42F7C /* MJFoundation.m */ = {isa = PBXFileReference; fileEncoding = 4; lastKnownFileType = sourcecode.c.objc; path = MJFoundation.m; sourceTree = "<group>"; };
		3334C3641CD3A4DB00D42F7C /* MJIvar.h */ = {isa = PBXFileReference; fileEncoding = 4; lastKnownFileType = sourcecode.c.h; path = MJIvar.h; sourceTree = "<group>"; };
		3334C3651CD3A4DB00D42F7C /* MJIvar.m */ = {isa = PBXFileReference; fileEncoding = 4; lastKnownFileType = sourcecode.c.objc; path = MJIvar.m; sourceTree = "<group>"; };
		3334C3661CD3A4DB00D42F7C /* MJMember.h */ = {isa = PBXFileReference; fileEncoding = 4; lastKnownFileType = sourcecode.c.h; path = MJMember.h; sourceTree = "<group>"; };
		3334C3671CD3A4DB00D42F7C /* MJMember.m */ = {isa = PBXFileReference; fileEncoding = 4; lastKnownFileType = sourcecode.c.objc; path = MJMember.m; sourceTree = "<group>"; };
		3334C3681CD3A4DB00D42F7C /* MJMethod.h */ = {isa = PBXFileReference; fileEncoding = 4; lastKnownFileType = sourcecode.c.h; path = MJMethod.h; sourceTree = "<group>"; };
		3334C3691CD3A4DB00D42F7C /* MJMethod.m */ = {isa = PBXFileReference; fileEncoding = 4; lastKnownFileType = sourcecode.c.objc; path = MJMethod.m; sourceTree = "<group>"; };
		3334C36A1CD3A4DB00D42F7C /* MJType.h */ = {isa = PBXFileReference; fileEncoding = 4; lastKnownFileType = sourcecode.c.h; path = MJType.h; sourceTree = "<group>"; };
		3334C36B1CD3A4DB00D42F7C /* MJType.m */ = {isa = PBXFileReference; fileEncoding = 4; lastKnownFileType = sourcecode.c.objc; path = MJType.m; sourceTree = "<group>"; };
		3334C36C1CD3A4DB00D42F7C /* MJTypeEncoding.h */ = {isa = PBXFileReference; fileEncoding = 4; lastKnownFileType = sourcecode.c.h; path = MJTypeEncoding.h; sourceTree = "<group>"; };
		3334C36D1CD3A4DB00D42F7C /* MJTypeEncoding.m */ = {isa = PBXFileReference; fileEncoding = 4; lastKnownFileType = sourcecode.c.objc; path = MJTypeEncoding.m; sourceTree = "<group>"; };
		3334C36E1CD3A4DB00D42F7C /* NSObject+MJCoding.h */ = {isa = PBXFileReference; fileEncoding = 4; lastKnownFileType = sourcecode.c.h; path = "NSObject+MJCoding.h"; sourceTree = "<group>"; };
		3334C36F1CD3A4DB00D42F7C /* NSObject+MJCoding.m */ = {isa = PBXFileReference; fileEncoding = 4; lastKnownFileType = sourcecode.c.objc; path = "NSObject+MJCoding.m"; sourceTree = "<group>"; };
		3334C3701CD3A4DB00D42F7C /* NSObject+MJKeyValue.h */ = {isa = PBXFileReference; fileEncoding = 4; lastKnownFileType = sourcecode.c.h; path = "NSObject+MJKeyValue.h"; sourceTree = "<group>"; };
		3334C3711CD3A4DB00D42F7C /* NSObject+MJKeyValue.m */ = {isa = PBXFileReference; fileEncoding = 4; lastKnownFileType = sourcecode.c.objc; path = "NSObject+MJKeyValue.m"; sourceTree = "<group>"; };
		3334C3721CD3A4DB00D42F7C /* NSObject+MJMember.h */ = {isa = PBXFileReference; fileEncoding = 4; lastKnownFileType = sourcecode.c.h; path = "NSObject+MJMember.h"; sourceTree = "<group>"; };
		3334C3731CD3A4DB00D42F7C /* NSObject+MJMember.m */ = {isa = PBXFileReference; fileEncoding = 4; lastKnownFileType = sourcecode.c.objc; path = "NSObject+MJMember.m"; sourceTree = "<group>"; };
		3334C37F1CD3A7CC00D42F7C /* MTCategoryViewController.h */ = {isa = PBXFileReference; fileEncoding = 4; lastKnownFileType = sourcecode.c.h; path = MTCategoryViewController.h; sourceTree = "<group>"; };
		3334C3801CD3A7CC00D42F7C /* MTCategoryViewController.m */ = {isa = PBXFileReference; fileEncoding = 4; lastKnownFileType = sourcecode.c.objc; path = MTCategoryViewController.m; sourceTree = "<group>"; };
		3334C3821CD3A9E900D42F7C /* MTHomeDropdownView.h */ = {isa = PBXFileReference; fileEncoding = 4; lastKnownFileType = sourcecode.c.h; path = MTHomeDropdownView.h; sourceTree = "<group>"; };
		3334C3831CD3A9E900D42F7C /* MTHomeDropdownView.m */ = {isa = PBXFileReference; fileEncoding = 4; lastKnownFileType = sourcecode.c.objc; path = MTHomeDropdownView.m; sourceTree = "<group>"; };
		3334C3861CD3ABB500D42F7C /* UITableView+SDAutoTableViewCellHeight.h */ = {isa = PBXFileReference; fileEncoding = 4; lastKnownFileType = sourcecode.c.h; path = "UITableView+SDAutoTableViewCellHeight.h"; sourceTree = "<group>"; };
		3334C3871CD3ABB500D42F7C /* UITableView+SDAutoTableViewCellHeight.m */ = {isa = PBXFileReference; fileEncoding = 4; lastKnownFileType = sourcecode.c.objc; path = "UITableView+SDAutoTableViewCellHeight.m"; sourceTree = "<group>"; };
		3334C3881CD3ABB500D42F7C /* UIView+SDAutoLayout.h */ = {isa = PBXFileReference; fileEncoding = 4; lastKnownFileType = sourcecode.c.h; path = "UIView+SDAutoLayout.h"; sourceTree = "<group>"; };
		3334C3891CD3ABB500D42F7C /* UIView+SDAutoLayout.m */ = {isa = PBXFileReference; fileEncoding = 4; lastKnownFileType = sourcecode.c.objc; path = "UIView+SDAutoLayout.m"; sourceTree = "<group>"; };
		335AD72C1CD37FE700335CC3 /* 美团IPad.app */ = {isa = PBXFileReference; explicitFileType = wrapper.application; includeInIndex = 0; path = "美团IPad.app"; sourceTree = BUILT_PRODUCTS_DIR; };
		335AD73B1CD37FE700335CC3 /* Assets.xcassets */ = {isa = PBXFileReference; lastKnownFileType = folder.assetcatalog; path = Assets.xcassets; sourceTree = "<group>"; };
		335AD7401CD37FE700335CC3 /* Info.plist */ = {isa = PBXFileReference; lastKnownFileType = text.plist.xml; path = Info.plist; sourceTree = "<group>"; };
		335AD7451CD37FE700335CC3 /* 美团IPadTests.xctest */ = {isa = PBXFileReference; explicitFileType = wrapper.cfbundle; includeInIndex = 0; path = "美团IPadTests.xctest"; sourceTree = BUILT_PRODUCTS_DIR; };
		335AD7491CD37FE700335CC3 /* __IPadTests.m */ = {isa = PBXFileReference; lastKnownFileType = sourcecode.c.objc; path = __IPadTests.m; sourceTree = "<group>"; };
		335AD74B1CD37FE700335CC3 /* Info.plist */ = {isa = PBXFileReference; lastKnownFileType = text.plist.xml; path = Info.plist; sourceTree = "<group>"; };
		335AD7501CD37FE700335CC3 /* 美团IPadUITests.xctest */ = {isa = PBXFileReference; explicitFileType = wrapper.cfbundle; includeInIndex = 0; path = "美团IPadUITests.xctest"; sourceTree = BUILT_PRODUCTS_DIR; };
		335AD7541CD37FE700335CC3 /* __IPadUITests.m */ = {isa = PBXFileReference; lastKnownFileType = sourcecode.c.objc; path = __IPadUITests.m; sourceTree = "<group>"; };
		335AD7561CD37FE700335CC3 /* Info.plist */ = {isa = PBXFileReference; lastKnownFileType = text.plist.xml; path = Info.plist; sourceTree = "<group>"; };
		335AD76D1CD3815700335CC3 /* AppDelegate.h */ = {isa = PBXFileReference; fileEncoding = 4; lastKnownFileType = sourcecode.c.h; path = AppDelegate.h; sourceTree = "<group>"; };
		335AD76E1CD3815700335CC3 /* AppDelegate.m */ = {isa = PBXFileReference; fileEncoding = 4; lastKnownFileType = sourcecode.c.objc; path = AppDelegate.m; sourceTree = "<group>"; };
		335AD76F1CD3815700335CC3 /* main.m */ = {isa = PBXFileReference; fileEncoding = 4; lastKnownFileType = sourcecode.c.objc; path = main.m; sourceTree = "<group>"; };
/* End PBXFileReference section */

/* Begin PBXFrameworksBuildPhase section */
		335AD7291CD37FE700335CC3 /* Frameworks */ = {
			isa = PBXFrameworksBuildPhase;
			buildActionMask = 2147483647;
			files = (
			);
			runOnlyForDeploymentPostprocessing = 0;
		};
		335AD7421CD37FE700335CC3 /* Frameworks */ = {
			isa = PBXFrameworksBuildPhase;
			buildActionMask = 2147483647;
			files = (
			);
			runOnlyForDeploymentPostprocessing = 0;
		};
		335AD74D1CD37FE700335CC3 /* Frameworks */ = {
			isa = PBXFrameworksBuildPhase;
			buildActionMask = 2147483647;
			files = (
			);
			runOnlyForDeploymentPostprocessing = 0;
		};
/* End PBXFrameworksBuildPhase section */

/* Begin PBXGroup section */
		3334C35C1CD3A4DB00D42F7C /* MJExtension */ = {
			isa = PBXGroup;
			children = (
				3334C35D1CD3A4DB00D42F7C /* MJArgument.h */,
				3334C35E1CD3A4DB00D42F7C /* MJArgument.m */,
				3334C35F1CD3A4DB00D42F7C /* MJConst.h */,
				3334C3601CD3A4DB00D42F7C /* MJConst.m */,
				3334C3611CD3A4DB00D42F7C /* MJExtension.h */,
				3334C3621CD3A4DB00D42F7C /* MJFoundation.h */,
				3334C3631CD3A4DB00D42F7C /* MJFoundation.m */,
				3334C3641CD3A4DB00D42F7C /* MJIvar.h */,
				3334C3651CD3A4DB00D42F7C /* MJIvar.m */,
				3334C3661CD3A4DB00D42F7C /* MJMember.h */,
				3334C3671CD3A4DB00D42F7C /* MJMember.m */,
				3334C3681CD3A4DB00D42F7C /* MJMethod.h */,
				3334C3691CD3A4DB00D42F7C /* MJMethod.m */,
				3334C36A1CD3A4DB00D42F7C /* MJType.h */,
				3334C36B1CD3A4DB00D42F7C /* MJType.m */,
				3334C36C1CD3A4DB00D42F7C /* MJTypeEncoding.h */,
				3334C36D1CD3A4DB00D42F7C /* MJTypeEncoding.m */,
				3334C36E1CD3A4DB00D42F7C /* NSObject+MJCoding.h */,
				3334C36F1CD3A4DB00D42F7C /* NSObject+MJCoding.m */,
				3334C3701CD3A4DB00D42F7C /* NSObject+MJKeyValue.h */,
				3334C3711CD3A4DB00D42F7C /* NSObject+MJKeyValue.m */,
				3334C3721CD3A4DB00D42F7C /* NSObject+MJMember.h */,
				3334C3731CD3A4DB00D42F7C /* NSObject+MJMember.m */,
			);
			path = MJExtension;
			sourceTree = "<group>";
		};
		3334C3851CD3ABB500D42F7C /* SDAutoLayout */ = {
			isa = PBXGroup;
			children = (
				3334C3861CD3ABB500D42F7C /* UITableView+SDAutoTableViewCellHeight.h */,
				3334C3871CD3ABB500D42F7C /* UITableView+SDAutoTableViewCellHeight.m */,
				3334C3881CD3ABB500D42F7C /* UIView+SDAutoLayout.h */,
				3334C3891CD3ABB500D42F7C /* UIView+SDAutoLayout.m */,
			);
			path = SDAutoLayout;
			sourceTree = "<group>";
		};
		335AD7231CD37FE700335CC3 = {
			isa = PBXGroup;
			children = (
				335AD72E1CD37FE700335CC3 /* 美团IPad */,
				335AD7481CD37FE700335CC3 /* 美团IPadTests */,
				335AD7531CD37FE700335CC3 /* 美团IPadUITests */,
				335AD72D1CD37FE700335CC3 /* Products */,
			);
			sourceTree = "<group>";
		};
		335AD72D1CD37FE700335CC3 /* Products */ = {
			isa = PBXGroup;
			children = (
				335AD72C1CD37FE700335CC3 /* 美团IPad.app */,
				335AD7451CD37FE700335CC3 /* 美团IPadTests.xctest */,
				335AD7501CD37FE700335CC3 /* 美团IPadUITests.xctest */,
			);
			name = Products;
			sourceTree = "<group>";
		};
		335AD72E1CD37FE700335CC3 /* 美团IPad */ = {
			isa = PBXGroup;
			children = (
				335AD7621CD3815700335CC3 /* Classes */,
				335AD72F1CD37FE700335CC3 /* Supporting Files */,
			);
			path = "美团IPad";
			sourceTree = "<group>";
		};
		335AD72F1CD37FE700335CC3 /* Supporting Files */ = {
			isa = PBXGroup;
			children = (
				335AD7721CD3816A00335CC3 /* Plist */,
				335AD73B1CD37FE700335CC3 /* Assets.xcassets */,
				335AD7401CD37FE700335CC3 /* Info.plist */,
			);
			name = "Supporting Files";
			sourceTree = "<group>";
		};
		335AD7481CD37FE700335CC3 /* 美团IPadTests */ = {
			isa = PBXGroup;
			children = (
				335AD7491CD37FE700335CC3 /* __IPadTests.m */,
				335AD74B1CD37FE700335CC3 /* Info.plist */,
			);
			path = "美团IPadTests";
			sourceTree = "<group>";
		};
		335AD7531CD37FE700335CC3 /* 美团IPadUITests */ = {
			isa = PBXGroup;
			children = (
				335AD7541CD37FE700335CC3 /* __IPadUITests.m */,
				335AD7561CD37FE700335CC3 /* Info.plist */,
			);
			path = "美团IPadUITests";
			sourceTree = "<group>";
		};
		335AD7621CD3815700335CC3 /* Classes */ = {
			isa = PBXGroup;
			children = (
				335AD7631CD3815700335CC3 /* Home(首页) */,
				335AD7671CD3815700335CC3 /* Main(主要) */,
			);
			path = Classes;
			sourceTree = "<group>";
		};
		335AD7631CD3815700335CC3 /* Home(首页) */ = {
			isa = PBXGroup;
			children = (
				335AD7641CD3815700335CC3 /* Controller */,
				335AD7651CD3815700335CC3 /* Model */,
				335AD7661CD3815700335CC3 /* View */,
			);
			path = "Home(首页)";
			sourceTree = "<group>";
		};
		335AD7641CD3815700335CC3 /* Controller */ = {
			isa = PBXGroup;
			children = (
				3334C3401CD38B6900D42F7C /* MTHomeCollectionController.h */,
				3334C3411CD38B6900D42F7C /* MTHomeCollectionController.m */,
				3334C37F1CD3A7CC00D42F7C /* MTCategoryViewController.h */,
				3334C3801CD3A7CC00D42F7C /* MTCategoryViewController.m */,
			);
			path = Controller;
			sourceTree = "<group>";
		};
		335AD7651CD3815700335CC3 /* Model */ = {
			isa = PBXGroup;
			children = (
				3334C3591CD3A3F100D42F7C /* MTCategory.h */,
				3334C35A1CD3A3F100D42F7C /* MTCategory.m */,
			);
			path = Model;
			sourceTree = "<group>";
		};
		335AD7661CD3815700335CC3 /* View */ = {
			isa = PBXGroup;
			children = (
				3334C3821CD3A9E900D42F7C /* MTHomeDropdownView.h */,
				3334C3831CD3A9E900D42F7C /* MTHomeDropdownView.m */,
				3334C34C1CD397A500D42F7C /* MTHomeLeftTopItem.h */,
				3334C34D1CD397A500D42F7C /* MTHomeLeftTopItem.m */,
				3334C34F1CD397C000D42F7C /* MTHomeLeftTopItem.xib */,
			);
			path = View;
			sourceTree = "<group>";
		};
		335AD7671CD3815700335CC3 /* Main(主要) */ = {
			isa = PBXGroup;
			children = (
				335AD7681CD3815700335CC3 /* Category */,
				335AD7691CD3815700335CC3 /* Constant */,
				335AD76A1CD3815700335CC3 /* Controller */,
				335AD76B1CD3815700335CC3 /* Lib */,
				335AD76C1CD3815700335CC3 /* Other */,
			);
			path = "Main(主要)";
			sourceTree = "<group>";
		};
		335AD7681CD3815700335CC3 /* Category */ = {
			isa = PBXGroup;
			children = (
				3334C3491CD3915800D42F7C /* UIBarButtonItem+Extent.h */,
				3334C34A1CD3915800D42F7C /* UIBarButtonItem+Extent.m */,
				3334C3461CD3912900D42F7C /* UIView+Extension.h */,
				3334C3471CD3912900D42F7C /* UIView+Extension.m */,
			);
			path = Category;
			sourceTree = "<group>";
		};
		335AD7691CD3815700335CC3 /* Constant */ = {
			isa = PBXGroup;
			children = (
				3334C3431CD38DD000D42F7C /* MTConstant.h */,
				3334C3441CD38DD000D42F7C /* MTConstant.m */,
			);
			path = Constant;
			sourceTree = "<group>";
		};
		335AD76A1CD3815700335CC3 /* Controller */ = {
			isa = PBXGroup;
			children = (
				3318960D1CD3845D00C59260 /* MTNavigationController.h */,
				3318960E1CD3845D00C59260 /* MTNavigationController.m */,
			);
			path = Controller;
			sourceTree = "<group>";
		};
		335AD76B1CD3815700335CC3 /* Lib */ = {
			isa = PBXGroup;
			children = (
				3334C3851CD3ABB500D42F7C /* SDAutoLayout */,
				3334C35C1CD3A4DB00D42F7C /* MJExtension */,
			);
			path = Lib;
			sourceTree = "<group>";
		};
		335AD76C1CD3815700335CC3 /* Other */ = {
			isa = PBXGroup;
			children = (
				335AD76D1CD3815700335CC3 /* AppDelegate.h */,
				335AD76E1CD3815700335CC3 /* AppDelegate.m */,
				335AD76F1CD3815700335CC3 /* main.m */,
			);
			path = Other;
			sourceTree = "<group>";
		};
		335AD7721CD3816A00335CC3 /* Plist */ = {
			isa = PBXGroup;
			children = (
				3334C3511CD3A3D400D42F7C /* categories.plist */,
				3334C3521CD3A3D400D42F7C /* cities.plist */,
				3334C3531CD3A3D400D42F7C /* cityGroups.plist */,
				3334C3541CD3A3D400D42F7C /* sorts.plist */,
			);
			path = Plist;
			sourceTree = "<group>";
		};
/* End PBXGroup section */

/* Begin PBXNativeTarget section */
		335AD72B1CD37FE700335CC3 /* 美团IPad */ = {
			isa = PBXNativeTarget;
			buildConfigurationList = 335AD7591CD37FE700335CC3 /* Build configuration list for PBXNativeTarget "美团IPad" */;
			buildPhases = (
				335AD7281CD37FE700335CC3 /* Sources */,
				335AD7291CD37FE700335CC3 /* Frameworks */,
				335AD72A1CD37FE700335CC3 /* Resources */,
			);
			buildRules = (
			);
			dependencies = (
			);
			name = "美团IPad";
			productName = "美团IPad";
			productReference = 335AD72C1CD37FE700335CC3 /* 美团IPad.app */;
			productType = "com.apple.product-type.application";
		};
		335AD7441CD37FE700335CC3 /* 美团IPadTests */ = {
			isa = PBXNativeTarget;
			buildConfigurationList = 335AD75C1CD37FE700335CC3 /* Build configuration list for PBXNativeTarget "美团IPadTests" */;
			buildPhases = (
				335AD7411CD37FE700335CC3 /* Sources */,
				335AD7421CD37FE700335CC3 /* Frameworks */,
				335AD7431CD37FE700335CC3 /* Resources */,
			);
			buildRules = (
			);
			dependencies = (
				335AD7471CD37FE700335CC3 /* PBXTargetDependency */,
			);
			name = "美团IPadTests";
			productName = "美团IPadTests";
			productReference = 335AD7451CD37FE700335CC3 /* 美团IPadTests.xctest */;
			productType = "com.apple.product-type.bundle.unit-test";
		};
		335AD74F1CD37FE700335CC3 /* 美团IPadUITests */ = {
			isa = PBXNativeTarget;
			buildConfigurationList = 335AD75F1CD37FE700335CC3 /* Build configuration list for PBXNativeTarget "美团IPadUITests" */;
			buildPhases = (
				335AD74C1CD37FE700335CC3 /* Sources */,
				335AD74D1CD37FE700335CC3 /* Frameworks */,
				335AD74E1CD37FE700335CC3 /* Resources */,
			);
			buildRules = (
			);
			dependencies = (
				335AD7521CD37FE700335CC3 /* PBXTargetDependency */,
			);
			name = "美团IPadUITests";
			productName = "美团IPadUITests";
			productReference = 335AD7501CD37FE700335CC3 /* 美团IPadUITests.xctest */;
			productType = "com.apple.product-type.bundle.ui-testing";
		};
/* End PBXNativeTarget section */

/* Begin PBXProject section */
		335AD7241CD37FE700335CC3 /* Project object */ = {
			isa = PBXProject;
			attributes = {
				CLASSPREFIX = MT;
				LastUpgradeCheck = 0720;
				ORGANIZATIONNAME = xiaocai;
				TargetAttributes = {
					335AD72B1CD37FE700335CC3 = {
						CreatedOnToolsVersion = 7.2;
					};
					335AD7441CD37FE700335CC3 = {
						CreatedOnToolsVersion = 7.2;
						TestTargetID = 335AD72B1CD37FE700335CC3;
					};
					335AD74F1CD37FE700335CC3 = {
						CreatedOnToolsVersion = 7.2;
						TestTargetID = 335AD72B1CD37FE700335CC3;
					};
				};
			};
			buildConfigurationList = 335AD7271CD37FE700335CC3 /* Build configuration list for PBXProject "美团IPad" */;
			compatibilityVersion = "Xcode 3.2";
			developmentRegion = English;
			hasScannedForEncodings = 0;
			knownRegions = (
				en,
				Base,
			);
			mainGroup = 335AD7231CD37FE700335CC3;
			productRefGroup = 335AD72D1CD37FE700335CC3 /* Products */;
			projectDirPath = "";
			projectRoot = "";
			targets = (
				335AD72B1CD37FE700335CC3 /* 美团IPad */,
				335AD7441CD37FE700335CC3 /* 美团IPadTests */,
				335AD74F1CD37FE700335CC3 /* 美团IPadUITests */,
			);
		};
/* End PBXProject section */

/* Begin PBXResourcesBuildPhase section */
		335AD72A1CD37FE700335CC3 /* Resources */ = {
			isa = PBXResourcesBuildPhase;
			buildActionMask = 2147483647;
			files = (
				3334C3581CD3A3D400D42F7C /* sorts.plist in Resources */,
				3334C3571CD3A3D400D42F7C /* cityGroups.plist in Resources */,
				335AD73C1CD37FE700335CC3 /* Assets.xcassets in Resources */,
				3334C3501CD397C000D42F7C /* MTHomeLeftTopItem.xib in Resources */,
				3334C3551CD3A3D400D42F7C /* categories.plist in Resources */,
				3334C3561CD3A3D400D42F7C /* cities.plist in Resources */,
			);
			runOnlyForDeploymentPostprocessing = 0;
		};
		335AD7431CD37FE700335CC3 /* Resources */ = {
			isa = PBXResourcesBuildPhase;
			buildActionMask = 2147483647;
			files = (
			);
			runOnlyForDeploymentPostprocessing = 0;
		};
		335AD74E1CD37FE700335CC3 /* Resources */ = {
			isa = PBXResourcesBuildPhase;
			buildActionMask = 2147483647;
			files = (
			);
			runOnlyForDeploymentPostprocessing = 0;
		};
/* End PBXResourcesBuildPhase section */

/* Begin PBXSourcesBuildPhase section */
		335AD7281CD37FE700335CC3 /* Sources */ = {
			isa = PBXSourcesBuildPhase;
			buildActionMask = 2147483647;
			files = (
				3334C3481CD3912900D42F7C /* UIView+Extension.m in Sources */,
				3334C37D1CD3A4DB00D42F7C /* NSObject+MJKeyValue.m in Sources */,
				3334C38B1CD3ABB500D42F7C /* UIView+SDAutoLayout.m in Sources */,
				3334C37B1CD3A4DB00D42F7C /* MJTypeEncoding.m in Sources */,
				3334C3811CD3A7CC00D42F7C /* MTCategoryViewController.m in Sources */,
				3334C3741CD3A4DB00D42F7C /* MJArgument.m in Sources */,
				3334C3451CD38DD000D42F7C /* MTConstant.m in Sources */,
				3334C3761CD3A4DB00D42F7C /* MJFoundation.m in Sources */,
				3334C3781CD3A4DB00D42F7C /* MJMember.m in Sources */,
				3334C3771CD3A4DB00D42F7C /* MJIvar.m in Sources */,
				335AD7711CD3815700335CC3 /* main.m in Sources */,
				3334C35B1CD3A3F100D42F7C /* MTCategory.m in Sources */,
				3334C3791CD3A4DB00D42F7C /* MJMethod.m in Sources */,
				3334C34B1CD3915800D42F7C /* UIBarButtonItem+Extent.m in Sources */,
				3334C3841CD3A9E900D42F7C /* MTHomeDropdownView.m in Sources */,
				3334C38A1CD3ABB500D42F7C /* UITableView+SDAutoTableViewCellHeight.m in Sources */,
				3334C37E1CD3A4DB00D42F7C /* NSObject+MJMember.m in Sources */,
				3334C3421CD38B6900D42F7C /* MTHomeCollectionController.m in Sources */,
				3334C3751CD3A4DB00D42F7C /* MJConst.m in Sources */,
				3334C37A1CD3A4DB00D42F7C /* MJType.m in Sources */,
				3334C37C1CD3A4DB00D42F7C /* NSObject+MJCoding.m in Sources */,
				3334C34E1CD397A500D42F7C /* MTHomeLeftTopItem.m in Sources */,
				335AD7701CD3815700335CC3 /* AppDelegate.m in Sources */,
				3318960F1CD3845D00C59260 /* MTNavigationController.m in Sources */,
			);
			runOnlyForDeploymentPostprocessing = 0;
		};
		335AD7411CD37FE700335CC3 /* Sources */ = {
			isa = PBXSourcesBuildPhase;
			buildActionMask = 2147483647;
			files = (
				335AD74A1CD37FE700335CC3 /* __IPadTests.m in Sources */,
			);
			runOnlyForDeploymentPostprocessing = 0;
		};
		335AD74C1CD37FE700335CC3 /* Sources */ = {
			isa = PBXSourcesBuildPhase;
			buildActionMask = 2147483647;
			files = (
				335AD7551CD37FE700335CC3 /* __IPadUITests.m in Sources */,
			);
			runOnlyForDeploymentPostprocessing = 0;
		};
/* End PBXSourcesBuildPhase section */

/* Begin PBXTargetDependency section */
		335AD7471CD37FE700335CC3 /* PBXTargetDependency */ = {
			isa = PBXTargetDependency;
			target = 335AD72B1CD37FE700335CC3 /* 美团IPad */;
			targetProxy = 335AD7461CD37FE700335CC3 /* PBXContainerItemProxy */;
		};
		335AD7521CD37FE700335CC3 /* PBXTargetDependency */ = {
			isa = PBXTargetDependency;
			target = 335AD72B1CD37FE700335CC3 /* 美团IPad */;
			targetProxy = 335AD7511CD37FE700335CC3 /* PBXContainerItemProxy */;
		};
/* End PBXTargetDependency section */

/* Begin XCBuildConfiguration section */
		335AD7571CD37FE700335CC3 /* Debug */ = {
			isa = XCBuildConfiguration;
			buildSettings = {
				ALWAYS_SEARCH_USER_PATHS = NO;
				CLANG_CXX_LANGUAGE_STANDARD = "gnu++0x";
				CLANG_CXX_LIBRARY = "libc++";
				CLANG_ENABLE_MODULES = YES;
				CLANG_ENABLE_OBJC_ARC = YES;
				CLANG_WARN_BOOL_CONVERSION = YES;
				CLANG_WARN_CONSTANT_CONVERSION = YES;
				CLANG_WARN_DIRECT_OBJC_ISA_USAGE = YES_ERROR;
				CLANG_WARN_EMPTY_BODY = YES;
				CLANG_WARN_ENUM_CONVERSION = YES;
				CLANG_WARN_INT_CONVERSION = YES;
				CLANG_WARN_OBJC_ROOT_CLASS = YES_ERROR;
				CLANG_WARN_UNREACHABLE_CODE = YES;
				CLANG_WARN__DUPLICATE_METHOD_MATCH = YES;
				"CODE_SIGN_IDENTITY[sdk=iphoneos*]" = "iPhone Developer";
				COPY_PHASE_STRIP = NO;
				DEBUG_INFORMATION_FORMAT = dwarf;
				ENABLE_STRICT_OBJC_MSGSEND = YES;
				ENABLE_TESTABILITY = YES;
				GCC_C_LANGUAGE_STANDARD = gnu99;
				GCC_DYNAMIC_NO_PIC = NO;
				GCC_NO_COMMON_BLOCKS = YES;
				GCC_OPTIMIZATION_LEVEL = 0;
				GCC_PREPROCESSOR_DEFINITIONS = (
					"DEBUG=1",
					"$(inherited)",
				);
				GCC_WARN_64_TO_32_BIT_CONVERSION = YES;
				GCC_WARN_ABOUT_RETURN_TYPE = YES_ERROR;
				GCC_WARN_UNDECLARED_SELECTOR = YES;
				GCC_WARN_UNINITIALIZED_AUTOS = YES_AGGRESSIVE;
				GCC_WARN_UNUSED_FUNCTION = YES;
				GCC_WARN_UNUSED_VARIABLE = YES;
				IPHONEOS_DEPLOYMENT_TARGET = 9.2;
				MTL_ENABLE_DEBUG_INFO = YES;
				ONLY_ACTIVE_ARCH = YES;
				SDKROOT = iphoneos;
				TARGETED_DEVICE_FAMILY = 2;
			};
			name = Debug;
		};
		335AD7581CD37FE700335CC3 /* Release */ = {
			isa = XCBuildConfiguration;
			buildSettings = {
				ALWAYS_SEARCH_USER_PATHS = NO;
				CLANG_CXX_LANGUAGE_STANDARD = "gnu++0x";
				CLANG_CXX_LIBRARY = "libc++";
				CLANG_ENABLE_MODULES = YES;
				CLANG_ENABLE_OBJC_ARC = YES;
				CLANG_WARN_BOOL_CONVERSION = YES;
				CLANG_WARN_CONSTANT_CONVERSION = YES;
				CLANG_WARN_DIRECT_OBJC_ISA_USAGE = YES_ERROR;
				CLANG_WARN_EMPTY_BODY = YES;
				CLANG_WARN_ENUM_CONVERSION = YES;
				CLANG_WARN_INT_CONVERSION = YES;
				CLANG_WARN_OBJC_ROOT_CLASS = YES_ERROR;
				CLANG_WARN_UNREACHABLE_CODE = YES;
				CLANG_WARN__DUPLICATE_METHOD_MATCH = YES;
				"CODE_SIGN_IDENTITY[sdk=iphoneos*]" = "iPhone Developer";
				COPY_PHASE_STRIP = NO;
				DEBUG_INFORMATION_FORMAT = "dwarf-with-dsym";
				ENABLE_NS_ASSERTIONS = NO;
				ENABLE_STRICT_OBJC_MSGSEND = YES;
				GCC_C_LANGUAGE_STANDARD = gnu99;
				GCC_NO_COMMON_BLOCKS = YES;
				GCC_WARN_64_TO_32_BIT_CONVERSION = YES;
				GCC_WARN_ABOUT_RETURN_TYPE = YES_ERROR;
				GCC_WARN_UNDECLARED_SELECTOR = YES;
				GCC_WARN_UNINITIALIZED_AUTOS = YES_AGGRESSIVE;
				GCC_WARN_UNUSED_FUNCTION = YES;
				GCC_WARN_UNUSED_VARIABLE = YES;
				IPHONEOS_DEPLOYMENT_TARGET = 9.2;
				MTL_ENABLE_DEBUG_INFO = NO;
				SDKROOT = iphoneos;
				TARGETED_DEVICE_FAMILY = 2;
				VALIDATE_PRODUCT = YES;
			};
			name = Release;
		};
		335AD75A1CD37FE700335CC3 /* Debug */ = {
			isa = XCBuildConfiguration;
			buildSettings = {
				ASSETCATALOG_COMPILER_APPICON_NAME = AppIcon;
				ASSETCATALOG_COMPILER_LAUNCHIMAGE_NAME = LaunchImage;
				INFOPLIST_FILE = "美团IPad/Info.plist";
				IPHONEOS_DEPLOYMENT_TARGET = 7.0;
				LD_RUNPATH_SEARCH_PATHS = "$(inherited) @executable_path/Frameworks";
				PRODUCT_BUNDLE_IDENTIFIER = "uestc.--IPad";
				PRODUCT_NAME = "$(TARGET_NAME)";
			};
			name = Debug;
		};
		335AD75B1CD37FE700335CC3 /* Release */ = {
			isa = XCBuildConfiguration;
			buildSettings = {
				ASSETCATALOG_COMPILER_APPICON_NAME = AppIcon;
				ASSETCATALOG_COMPILER_LAUNCHIMAGE_NAME = LaunchImage;
				INFOPLIST_FILE = "美团IPad/Info.plist";
				IPHONEOS_DEPLOYMENT_TARGET = 7.0;
				LD_RUNPATH_SEARCH_PATHS = "$(inherited) @executable_path/Frameworks";
				PRODUCT_BUNDLE_IDENTIFIER = "uestc.--IPad";
				PRODUCT_NAME = "$(TARGET_NAME)";
			};
			name = Release;
		};
		335AD75D1CD37FE700335CC3 /* Debug */ = {
			isa = XCBuildConfiguration;
			buildSettings = {
				BUNDLE_LOADER = "$(TEST_HOST)";
				INFOPLIST_FILE = "美团IPadTests/Info.plist";
				LD_RUNPATH_SEARCH_PATHS = "$(inherited) @executable_path/Frameworks @loader_path/Frameworks";
				PRODUCT_BUNDLE_IDENTIFIER = "uestc.--IPadTests";
				PRODUCT_NAME = "$(TARGET_NAME)";
				TEST_HOST = "$(BUILT_PRODUCTS_DIR)/美团IPad.app/美团IPad";
			};
			name = Debug;
		};
		335AD75E1CD37FE700335CC3 /* Release */ = {
			isa = XCBuildConfiguration;
			buildSettings = {
				BUNDLE_LOADER = "$(TEST_HOST)";
				INFOPLIST_FILE = "美团IPadTests/Info.plist";
				LD_RUNPATH_SEARCH_PATHS = "$(inherited) @executable_path/Frameworks @loader_path/Frameworks";
				PRODUCT_BUNDLE_IDENTIFIER = "uestc.--IPadTests";
				PRODUCT_NAME = "$(TARGET_NAME)";
				TEST_HOST = "$(BUILT_PRODUCTS_DIR)/美团IPad.app/美团IPad";
			};
			name = Release;
		};
		335AD7601CD37FE700335CC3 /* Debug */ = {
			isa = XCBuildConfiguration;
			buildSettings = {
				INFOPLIST_FILE = "美团IPadUITests/Info.plist";
				LD_RUNPATH_SEARCH_PATHS = "$(inherited) @executable_path/Frameworks @loader_path/Frameworks";
				PRODUCT_BUNDLE_IDENTIFIER = "uestc.--IPadUITests";
				PRODUCT_NAME = "$(TARGET_NAME)";
				TEST_TARGET_NAME = "美团IPad";
				USES_XCTRUNNER = YES;
			};
			name = Debug;
		};
		335AD7611CD37FE700335CC3 /* Release */ = {
			isa = XCBuildConfiguration;
			buildSettings = {
				INFOPLIST_FILE = "美团IPadUITests/Info.plist";
				LD_RUNPATH_SEARCH_PATHS = "$(inherited) @executable_path/Frameworks @loader_path/Frameworks";
				PRODUCT_BUNDLE_IDENTIFIER = "uestc.--IPadUITests";
				PRODUCT_NAME = "$(TARGET_NAME)";
				TEST_TARGET_NAME = "美团IPad";
				USES_XCTRUNNER = YES;
			};
			name = Release;
		};
/* End XCBuildConfiguration section */

/* Begin XCConfigurationList section */
		335AD7271CD37FE700335CC3 /* Build configuration list for PBXProject "美团IPad" */ = {
			isa = XCConfigurationList;
			buildConfigurations = (
				335AD7571CD37FE700335CC3 /* Debug */,
				335AD7581CD37FE700335CC3 /* Release */,
			);
			defaultConfigurationIsVisible = 0;
			defaultConfigurationName = Release;
		};
		335AD7591CD37FE700335CC3 /* Build configuration list for PBXNativeTarget "美团IPad" */ = {
			isa = XCConfigurationList;
			buildConfigurations = (
				335AD75A1CD37FE700335CC3 /* Debug */,
				335AD75B1CD37FE700335CC3 /* Release */,
			);
			defaultConfigurationIsVisible = 0;
			defaultConfigurationName = Release;
		};
		335AD75C1CD37FE700335CC3 /* Build configuration list for PBXNativeTarget "美团IPadTests" */ = {
			isa = XCConfigurationList;
			buildConfigurations = (
				335AD75D1CD37FE700335CC3 /* Debug */,
				335AD75E1CD37FE700335CC3 /* Release */,
			);
			defaultConfigurationIsVisible = 0;
			defaultConfigurationName = Release;
		};
		335AD75F1CD37FE700335CC3 /* Build configuration list for PBXNativeTarget "美团IPadUITests" */ = {
			isa = XCConfigurationList;
			buildConfigurations = (
				335AD7601CD37FE700335CC3 /* Debug */,
				335AD7611CD37FE700335CC3 /* Release */,
			);
			defaultConfigurationIsVisible = 0;
			defaultConfigurationName = Release;
		};
/* End XCConfigurationList section */
	};
	rootObject = 335AD7241CD37FE700335CC3 /* Project object */;
}
